
Microsoft Visual Studio Solution File, Format Version 12.00
# Visual Studio 14
VisualStudioVersion = 14.0.25420.1
MinimumVisualStudioVersion = 10.0.40219.1
Project("{C304A816-92B3-4933-8410-62CB974DBBE4}") = "csharp_video_recognition_demo", "csharp_video_recognition_demo.csproj", "{128CE552-C258-4E73-9B70-BA1C92F429BB}"
EndProject
Global
	GlobalSection(SolutionConfigurationPlatforms) = preSolution
		Debug|Any CPU = Debug|Any CPU
		Release|Any CPU = Release|Any CPU
	EndGlobalSection
	GlobalSection(ProjectConfigurationPlatforms) = postSolution
		{128CE552-C258-4E73-9B70-BA1C92F429BB}.Debug|Any CPU.ActiveCfg = Debug|Any CPU
		{128CE552-C258-4E73-9B70-BA1C92F429BB}.Debug|Any CPU.Build.0 = Debug|Any CPU
		{128CE552-C258-4E73-9B70-BA1C92F429BB}.Release|Any CPU.ActiveCfg = Release|Any CPU
		{128CE552-C258-4E73-9B70-BA1C92F429BB}.Release|Any CPU.Build.0 = Release|Any CPU
	EndGlobalSection
	GlobalSection(SolutionProperties) = preSolution
		HideSolutionNode = FALSE
	EndGlobalSection
EndGlobal
