PODS:
  - camera (0.0.1):
    - Flutter
  - face_sdk_3divi (0.0.1):
    - Flutter
  - Flutter (1.0.0)
  - path_provider (0.0.1):
    - Flutter

DEPENDENCIES:
  - camera (from `.symlinks/plugins/camera/ios`)
  - face_sdk_3divi (from `.symlinks/plugins/face_sdk_3divi/ios`)
  - Flutter (from `Flutter`)
  - path_provider (from `.symlinks/plugins/path_provider/ios`)

EXTERNAL SOURCES:
  camera:
    :path: ".symlinks/plugins/camera/ios"
  face_sdk_3divi:
    :path: ".symlinks/plugins/face_sdk_3divi/ios"
  Flutter:
    :path: Flutter
  path_provider:
    :path: ".symlinks/plugins/path_provider/ios"

SPEC CHECKSUMS:
  camera: 3164201dc344383e62282964016528c4f5a9ad50
  face_sdk_3divi: 9173bdc02eb827013e91d84a86ba8d6ac61f3469
  Flutter: 434fef37c0980e73bb6479ef766c45957d4b510c
  path_provider: abfe2b5c733d04e238b0d8691db0cfd63a27a93c

PODFILE CHECKSUM: 4e8f8b2be68aeea4c0d5beb6ff1e79fface1d048

COCOAPODS: 1.10.1
