
Microsoft Visual Studio Solution File, Format Version 12.00
# Visual Studio 14
VisualStudioVersion = 14.0.25420.1
MinimumVisualStudioVersion = 10.0.40219.1
Project("{FAE04EC0-301F-11D3-BF4B-00C04F79EFBC}") = "csharp_processing_block_demo", "csharp_processing_block_demo.csproj", "{F6F992D0-AF99-4A65-98AF-E7DC073BBA5C}"
EndProject
Global
	GlobalSection(SolutionConfigurationPlatforms) = preSolution
		Debug|Any CPU = Debug|Any CPU
		Release|Any CPU = Release|Any CPU
	EndGlobalSection
	GlobalSection(ProjectConfigurationPlatforms) = postSolution
		{9C504E04-5D81-4B01-8482-3B94D27BED43}.Debug|Any CPU.ActiveCfg = Debug|Any CPU
		{9C504E04-5D81-4B01-8482-3B94D27BED43}.Debug|Any CPU.Build.0 = Debug|Any CPU
		{9C504E04-5D81-4B01-8482-3B94D27BED43}.Release|Any CPU.ActiveCfg = Release|Any CPU
		{9C504E04-5D81-4B01-8482-3B94D27BED43}.Release|Any CPU.Build.0 = Release|Any CPU
	EndGlobalSection
	GlobalSection(SolutionProperties) = preSolution
		HideSolutionNode = FALSE
	EndGlobalSection
EndGlobal
